
Microsoft Visual Studio Solution File, Format Version 12.00
# Visual Studio Version 17
VisualStudioVersion = 17.6.33723.286
MinimumVisualStudioVersion = 10.0.40219.1
Project("{F184B08F-C81C-45F6-A57F-5ABD9991F28F}") = "WindowsApplication2", "WindowsApplication2.vbproj", "{E095B057-6A49-49F0-BBFE-7C8D87F1CC2F}"
EndProject
Project("{F184B08F-C81C-45F6-A57F-5ABD9991F28F}") = "WaiterPrinterServer", "..\WaiterPrinterServer\WaiterPrinterServer.vbproj", "{B4D4C34F-5EDE-4CF7-94CC-7334D4FD5868}"
EndProject
Project("{F184B08F-C81C-45F6-A57F-5ABD9991F28F}") = "WaiterModel", "..\WaiterModel\WaiterModel.vbproj", "{EA249DD6-FA72-43F2-9369-8B8CCF1D6EDC}"
EndProject
Project("{F184B08F-C81C-45F6-A57F-5ABD9991F28F}") = "SqlConnector", "..\DatabaseConnector\SqlConnector.vbproj", "{E9399156-DD05-4535-AB1C-7CC63D1AFFEE}"
EndProject
Global
	GlobalSection(SolutionConfigurationPlatforms) = preSolution
		Debug|Any CPU = Debug|Any CPU
		Release|Any CPU = Release|Any CPU
	EndGlobalSection
	GlobalSection(ProjectConfigurationPlatforms) = postSolution
		{E095B057-6A49-49F0-BBFE-7C8D87F1CC2F}.Debug|Any CPU.ActiveCfg = Debug|Any CPU
		{E095B057-6A49-49F0-BBFE-7C8D87F1CC2F}.Debug|Any CPU.Build.0 = Debug|Any CPU
		{E095B057-6A49-49F0-BBFE-7C8D87F1CC2F}.Release|Any CPU.ActiveCfg = Release|Any CPU
		{E095B057-6A49-49F0-BBFE-7C8D87F1CC2F}.Release|Any CPU.Build.0 = Release|Any CPU
		{B4D4C34F-5EDE-4CF7-94CC-7334D4FD5868}.Debug|Any CPU.ActiveCfg = Debug|Any CPU
		{B4D4C34F-5EDE-4CF7-94CC-7334D4FD5868}.Debug|Any CPU.Build.0 = Debug|Any CPU
		{B4D4C34F-5EDE-4CF7-94CC-7334D4FD5868}.Release|Any CPU.ActiveCfg = Release|Any CPU
		{B4D4C34F-5EDE-4CF7-94CC-7334D4FD5868}.Release|Any CPU.Build.0 = Release|Any CPU
		{EA249DD6-FA72-43F2-9369-8B8CCF1D6EDC}.Debug|Any CPU.ActiveCfg = Debug|Any CPU
		{EA249DD6-FA72-43F2-9369-8B8CCF1D6EDC}.Debug|Any CPU.Build.0 = Debug|Any CPU
		{EA249DD6-FA72-43F2-9369-8B8CCF1D6EDC}.Release|Any CPU.ActiveCfg = Release|Any CPU
		{EA249DD6-FA72-43F2-9369-8B8CCF1D6EDC}.Release|Any CPU.Build.0 = Release|Any CPU
		{E9399156-DD05-4535-AB1C-7CC63D1AFFEE}.Debug|Any CPU.ActiveCfg = Debug|Any CPU
		{E9399156-DD05-4535-AB1C-7CC63D1AFFEE}.Debug|Any CPU.Build.0 = Debug|Any CPU
		{E9399156-DD05-4535-AB1C-7CC63D1AFFEE}.Release|Any CPU.ActiveCfg = Release|Any CPU
		{E9399156-DD05-4535-AB1C-7CC63D1AFFEE}.Release|Any CPU.Build.0 = Release|Any CPU
	EndGlobalSection
	GlobalSection(SolutionProperties) = preSolution
		HideSolutionNode = FALSE
	EndGlobalSection
	GlobalSection(ExtensibilityGlobals) = postSolution
		SolutionGuid = {78822C5F-9827-4935-BC1F-215929FB47A3}
	EndGlobalSection
EndGlobal
